
Microsoft Visual Studio Solution File, Format Version 12.00
# Visual Studio Version 16
VisualStudioVersion = 16.0.29318.209
MinimumVisualStudioVersion = 10.0.40219.1
Project("{9A19103F-16F7-4668-BE54-9A1E7A4F7556}") = "Metodos", "Metodos\Metodos.csproj", "{6657B035-659A-4542-8755-C937E0175C08}"
EndProject
Project("{9A19103F-16F7-4668-BE54-9A1E7A4F7556}") = "Ejercicio1", "Ejercicio1\Ejercicio1.csproj", "{A87A3062-9C32-4BB1-87B2-B7CBD169985E}"
EndProject
Project("{9A19103F-16F7-4668-BE54-9A1E7A4F7556}") = "Ejercicio2", "Ejercicio2\Ejercicio2.csproj", "{781CB533-CF67-4DF2-96CF-2CD7509E9E22}"
EndProject
Project("{9A19103F-16F7-4668-BE54-9A1E7A4F7556}") = "Ejercicio3", "Ejercicio3\Ejercicio3.csproj", "{E4DE82CE-F11C-428D-876E-C82A4E7DF1CF}"
EndProject
Project("{9A19103F-16F7-4668-BE54-9A1E7A4F7556}") = "Ejercicio4", "Ejercicio4\Ejercicio4.csproj", "{916EE31E-2AC5-408D-AC63-4C82544E5999}"
EndProject
Project("{9A19103F-16F7-4668-BE54-9A1E7A4F7556}") = "Ejercicio5", "Ejercicio5\Ejercicio5.csproj", "{A2F3CD6C-EE3E-4FDB-892A-F4F480B9AA14}"
EndProject
Project("{9A19103F-16F7-4668-BE54-9A1E7A4F7556}") = "Ejercicio6", "Ejercicio6\Ejercicio6.csproj", "{CB48397B-2085-49CC-B2A0-1E4115E7C982}"
EndProject
Project("{9A19103F-16F7-4668-BE54-9A1E7A4F7556}") = "Ejercicio7", "Ejercicio7\Ejercicio7.csproj", "{56B17BAE-AC23-4482-AFDD-D44668B8C8BC}"
EndProject
Project("{9A19103F-16F7-4668-BE54-9A1E7A4F7556}") = "Ejercicio8", "Ejercicio8\Ejercicio8.csproj", "{64830B19-2DD0-477A-976A-A7232F0A3A36}"
EndProject
Project("{9A19103F-16F7-4668-BE54-9A1E7A4F7556}") = "Ejercicio9", "Ejercicio9\Ejercicio9.csproj", "{260ECCDA-2B26-4F4F-B508-29890949643D}"
EndProject
Project("{9A19103F-16F7-4668-BE54-9A1E7A4F7556}") = "Ejercicio10", "Ejercicio10\Ejercicio10.csproj", "{1CF348F2-5275-432E-B22B-10398435E3FA}"
EndProject
Project("{9A19103F-16F7-4668-BE54-9A1E7A4F7556}") = "Ejercicio11", "Ejercicio11\Ejercicio11.csproj", "{07CF568F-74E2-462B-A0FE-935972EF9552}"
EndProject
Project("{9A19103F-16F7-4668-BE54-9A1E7A4F7556}") = "Ejercicio12", "Ejercicio12\Ejercicio12.csproj", "{729B1BD3-2672-4070-8752-AF00EBF2866D}"
EndProject
Project("{9A19103F-16F7-4668-BE54-9A1E7A4F7556}") = "Ejercicio13", "Ejercicio13\Ejercicio13.csproj", "{2EB7DD3B-3F38-47E7-B998-D13213C551EC}"
EndProject
Project("{9A19103F-16F7-4668-BE54-9A1E7A4F7556}") = "Ejercicio14", "Ejercicio14\Ejercicio14.csproj", "{9952AEEC-27AC-460F-81CD-E26A21641033}"
EndProject
Project("{FAE04EC0-301F-11D3-BF4B-00C04F79EFBC}") = "Ejercicio15", "Ejercicio15\Ejercicio15.csproj", "{7FEB5F6B-E59D-47A2-9A0B-F05E5DA354CA}"
EndProject
Project("{FAE04EC0-301F-11D3-BF4B-00C04F79EFBC}") = "Ejercicio16", "Ejercicio16\Ejercicio16.csproj", "{569E06CF-66D3-4D27-802F-AB67F347534F}"
EndProject
Project("{FAE04EC0-301F-11D3-BF4B-00C04F79EFBC}") = "Ejercicio17", "Ejercicio17\Ejercicio17.csproj", "{2EF4A155-4237-4E2F-B4BF-E9375E868E0D}"
EndProject
Project("{FAE04EC0-301F-11D3-BF4B-00C04F79EFBC}") = "Ejercicio18", "Ejercicio18\Ejercicio18.csproj", "{F6C967B3-61EE-49BA-B509-9B56B1F8976A}"
EndProject
Project("{FAE04EC0-301F-11D3-BF4B-00C04F79EFBC}") = "Ejercicio19", "Ejercicio19\Ejercicio19.csproj", "{BABCA3D2-6B96-48DC-A998-6CB18C79D40E}"
EndProject
Project("{FAE04EC0-301F-11D3-BF4B-00C04F79EFBC}") = "Ejercicio20", "Ejercicio20\Ejercicio20.csproj", "{ABB06F32-77E7-4B08-B2A4-757F746A7524}"
EndProject
Project("{FAE04EC0-301F-11D3-BF4B-00C04F79EFBC}") = "Ejercicio21", "Ejercicio21\Ejercicio21.csproj", "{02EF1B44-317A-4A5B-9BFE-010831E0D209}"
EndProject
Project("{FAE04EC0-301F-11D3-BF4B-00C04F79EFBC}") = "Ejercicio22", "Ejercicio22\Ejercicio22.csproj", "{2ED1D3C3-66B6-4BE8-B395-3EBA8D3EA61D}"
EndProject
Global
	GlobalSection(SolutionConfigurationPlatforms) = preSolution
		Debug|Any CPU = Debug|Any CPU
		Release|Any CPU = Release|Any CPU
	EndGlobalSection
	GlobalSection(ProjectConfigurationPlatforms) = postSolution
		{6657B035-659A-4542-8755-C937E0175C08}.Debug|Any CPU.ActiveCfg = Debug|Any CPU
		{6657B035-659A-4542-8755-C937E0175C08}.Debug|Any CPU.Build.0 = Debug|Any CPU
		{6657B035-659A-4542-8755-C937E0175C08}.Release|Any CPU.ActiveCfg = Release|Any CPU
		{6657B035-659A-4542-8755-C937E0175C08}.Release|Any CPU.Build.0 = Release|Any CPU
		{A87A3062-9C32-4BB1-87B2-B7CBD169985E}.Debug|Any CPU.ActiveCfg = Debug|Any CPU
		{A87A3062-9C32-4BB1-87B2-B7CBD169985E}.Debug|Any CPU.Build.0 = Debug|Any CPU
		{A87A3062-9C32-4BB1-87B2-B7CBD169985E}.Release|Any CPU.ActiveCfg = Release|Any CPU
		{A87A3062-9C32-4BB1-87B2-B7CBD169985E}.Release|Any CPU.Build.0 = Release|Any CPU
		{781CB533-CF67-4DF2-96CF-2CD7509E9E22}.Debug|Any CPU.ActiveCfg = Debug|Any CPU
		{781CB533-CF67-4DF2-96CF-2CD7509E9E22}.Debug|Any CPU.Build.0 = Debug|Any CPU
		{781CB533-CF67-4DF2-96CF-2CD7509E9E22}.Release|Any CPU.ActiveCfg = Release|Any CPU
		{781CB533-CF67-4DF2-96CF-2CD7509E9E22}.Release|Any CPU.Build.0 = Release|Any CPU
		{E4DE82CE-F11C-428D-876E-C82A4E7DF1CF}.Debug|Any CPU.ActiveCfg = Debug|Any CPU
		{E4DE82CE-F11C-428D-876E-C82A4E7DF1CF}.Debug|Any CPU.Build.0 = Debug|Any CPU
		{E4DE82CE-F11C-428D-876E-C82A4E7DF1CF}.Release|Any CPU.ActiveCfg = Release|Any CPU
		{E4DE82CE-F11C-428D-876E-C82A4E7DF1CF}.Release|Any CPU.Build.0 = Release|Any CPU
		{916EE31E-2AC5-408D-AC63-4C82544E5999}.Debug|Any CPU.ActiveCfg = Debug|Any CPU
		{916EE31E-2AC5-408D-AC63-4C82544E5999}.Debug|Any CPU.Build.0 = Debug|Any CPU
		{916EE31E-2AC5-408D-AC63-4C82544E5999}.Release|Any CPU.ActiveCfg = Release|Any CPU
		{916EE31E-2AC5-408D-AC63-4C82544E5999}.Release|Any CPU.Build.0 = Release|Any CPU
		{A2F3CD6C-EE3E-4FDB-892A-F4F480B9AA14}.Debug|Any CPU.ActiveCfg = Debug|Any CPU
		{A2F3CD6C-EE3E-4FDB-892A-F4F480B9AA14}.Debug|Any CPU.Build.0 = Debug|Any CPU
		{A2F3CD6C-EE3E-4FDB-892A-F4F480B9AA14}.Release|Any CPU.ActiveCfg = Release|Any CPU
		{A2F3CD6C-EE3E-4FDB-892A-F4F480B9AA14}.Release|Any CPU.Build.0 = Release|Any CPU
		{CB48397B-2085-49CC-B2A0-1E4115E7C982}.Debug|Any CPU.ActiveCfg = Debug|Any CPU
		{CB48397B-2085-49CC-B2A0-1E4115E7C982}.Debug|Any CPU.Build.0 = Debug|Any CPU
		{CB48397B-2085-49CC-B2A0-1E4115E7C982}.Release|Any CPU.ActiveCfg = Release|Any CPU
		{CB48397B-2085-49CC-B2A0-1E4115E7C982}.Release|Any CPU.Build.0 = Release|Any CPU
		{56B17BAE-AC23-4482-AFDD-D44668B8C8BC}.Debug|Any CPU.ActiveCfg = Debug|Any CPU
		{56B17BAE-AC23-4482-AFDD-D44668B8C8BC}.Debug|Any CPU.Build.0 = Debug|Any CPU
		{56B17BAE-AC23-4482-AFDD-D44668B8C8BC}.Release|Any CPU.ActiveCfg = Release|Any CPU
		{56B17BAE-AC23-4482-AFDD-D44668B8C8BC}.Release|Any CPU.Build.0 = Release|Any CPU
		{64830B19-2DD0-477A-976A-A7232F0A3A36}.Debug|Any CPU.ActiveCfg = Debug|Any CPU
		{64830B19-2DD0-477A-976A-A7232F0A3A36}.Debug|Any CPU.Build.0 = Debug|Any CPU
		{64830B19-2DD0-477A-976A-A7232F0A3A36}.Release|Any CPU.ActiveCfg = Release|Any CPU
		{64830B19-2DD0-477A-976A-A7232F0A3A36}.Release|Any CPU.Build.0 = Release|Any CPU
		{260ECCDA-2B26-4F4F-B508-29890949643D}.Debug|Any CPU.ActiveCfg = Debug|Any CPU
		{260ECCDA-2B26-4F4F-B508-29890949643D}.Debug|Any CPU.Build.0 = Debug|Any CPU
		{260ECCDA-2B26-4F4F-B508-29890949643D}.Release|Any CPU.ActiveCfg = Release|Any CPU
		{260ECCDA-2B26-4F4F-B508-29890949643D}.Release|Any CPU.Build.0 = Release|Any CPU
		{1CF348F2-5275-432E-B22B-10398435E3FA}.Debug|Any CPU.ActiveCfg = Debug|Any CPU
		{1CF348F2-5275-432E-B22B-10398435E3FA}.Debug|Any CPU.Build.0 = Debug|Any CPU
		{1CF348F2-5275-432E-B22B-10398435E3FA}.Release|Any CPU.ActiveCfg = Release|Any CPU
		{1CF348F2-5275-432E-B22B-10398435E3FA}.Release|Any CPU.Build.0 = Release|Any CPU
		{07CF568F-74E2-462B-A0FE-935972EF9552}.Debug|Any CPU.ActiveCfg = Debug|Any CPU
		{07CF568F-74E2-462B-A0FE-935972EF9552}.Debug|Any CPU.Build.0 = Debug|Any CPU
		{07CF568F-74E2-462B-A0FE-935972EF9552}.Release|Any CPU.ActiveCfg = Release|Any CPU
		{07CF568F-74E2-462B-A0FE-935972EF9552}.Release|Any CPU.Build.0 = Release|Any CPU
		{729B1BD3-2672-4070-8752-AF00EBF2866D}.Debug|Any CPU.ActiveCfg = Debug|Any CPU
		{729B1BD3-2672-4070-8752-AF00EBF2866D}.Debug|Any CPU.Build.0 = Debug|Any CPU
		{729B1BD3-2672-4070-8752-AF00EBF2866D}.Release|Any CPU.ActiveCfg = Release|Any CPU
		{729B1BD3-2672-4070-8752-AF00EBF2866D}.Release|Any CPU.Build.0 = Release|Any CPU
		{2EB7DD3B-3F38-47E7-B998-D13213C551EC}.Debug|Any CPU.ActiveCfg = Debug|Any CPU
		{2EB7DD3B-3F38-47E7-B998-D13213C551EC}.Debug|Any CPU.Build.0 = Debug|Any CPU
		{2EB7DD3B-3F38-47E7-B998-D13213C551EC}.Release|Any CPU.ActiveCfg = Release|Any CPU
		{2EB7DD3B-3F38-47E7-B998-D13213C551EC}.Release|Any CPU.Build.0 = Release|Any CPU
		{9952AEEC-27AC-460F-81CD-E26A21641033}.Debug|Any CPU.ActiveCfg = Debug|Any CPU
		{9952AEEC-27AC-460F-81CD-E26A21641033}.Debug|Any CPU.Build.0 = Debug|Any CPU
		{9952AEEC-27AC-460F-81CD-E26A21641033}.Release|Any CPU.ActiveCfg = Release|Any CPU
		{9952AEEC-27AC-460F-81CD-E26A21641033}.Release|Any CPU.Build.0 = Release|Any CPU
		{7FEB5F6B-E59D-47A2-9A0B-F05E5DA354CA}.Debug|Any CPU.ActiveCfg = Debug|Any CPU
		{7FEB5F6B-E59D-47A2-9A0B-F05E5DA354CA}.Debug|Any CPU.Build.0 = Debug|Any CPU
		{7FEB5F6B-E59D-47A2-9A0B-F05E5DA354CA}.Release|Any CPU.ActiveCfg = Release|Any CPU
		{7FEB5F6B-E59D-47A2-9A0B-F05E5DA354CA}.Release|Any CPU.Build.0 = Release|Any CPU
		{569E06CF-66D3-4D27-802F-AB67F347534F}.Debug|Any CPU.ActiveCfg = Debug|Any CPU
		{569E06CF-66D3-4D27-802F-AB67F347534F}.Debug|Any CPU.Build.0 = Debug|Any CPU
		{569E06CF-66D3-4D27-802F-AB67F347534F}.Release|Any CPU.ActiveCfg = Release|Any CPU
		{569E06CF-66D3-4D27-802F-AB67F347534F}.Release|Any CPU.Build.0 = Release|Any CPU
		{2EF4A155-4237-4E2F-B4BF-E9375E868E0D}.Debug|Any CPU.ActiveCfg = Debug|Any CPU
		{2EF4A155-4237-4E2F-B4BF-E9375E868E0D}.Debug|Any CPU.Build.0 = Debug|Any CPU
		{2EF4A155-4237-4E2F-B4BF-E9375E868E0D}.Release|Any CPU.ActiveCfg = Release|Any CPU
		{2EF4A155-4237-4E2F-B4BF-E9375E868E0D}.Release|Any CPU.Build.0 = Release|Any CPU
		{F6C967B3-61EE-49BA-B509-9B56B1F8976A}.Debug|Any CPU.ActiveCfg = Debug|Any CPU
		{F6C967B3-61EE-49BA-B509-9B56B1F8976A}.Debug|Any CPU.Build.0 = Debug|Any CPU
		{F6C967B3-61EE-49BA-B509-9B56B1F8976A}.Release|Any CPU.ActiveCfg = Release|Any CPU
		{F6C967B3-61EE-49BA-B509-9B56B1F8976A}.Release|Any CPU.Build.0 = Release|Any CPU
		{BABCA3D2-6B96-48DC-A998-6CB18C79D40E}.Debug|Any CPU.ActiveCfg = Debug|Any CPU
		{BABCA3D2-6B96-48DC-A998-6CB18C79D40E}.Debug|Any CPU.Build.0 = Debug|Any CPU
		{BABCA3D2-6B96-48DC-A998-6CB18C79D40E}.Release|Any CPU.ActiveCfg = Release|Any CPU
		{BABCA3D2-6B96-48DC-A998-6CB18C79D40E}.Release|Any CPU.Build.0 = Release|Any CPU
		{ABB06F32-77E7-4B08-B2A4-757F746A7524}.Debug|Any CPU.ActiveCfg = Debug|Any CPU
		{ABB06F32-77E7-4B08-B2A4-757F746A7524}.Debug|Any CPU.Build.0 = Debug|Any CPU
		{ABB06F32-77E7-4B08-B2A4-757F746A7524}.Release|Any CPU.ActiveCfg = Release|Any CPU
		{ABB06F32-77E7-4B08-B2A4-757F746A7524}.Release|Any CPU.Build.0 = Release|Any CPU
		{02EF1B44-317A-4A5B-9BFE-010831E0D209}.Debug|Any CPU.ActiveCfg = Debug|Any CPU
		{02EF1B44-317A-4A5B-9BFE-010831E0D209}.Debug|Any CPU.Build.0 = Debug|Any CPU
		{02EF1B44-317A-4A5B-9BFE-010831E0D209}.Release|Any CPU.ActiveCfg = Release|Any CPU
		{02EF1B44-317A-4A5B-9BFE-010831E0D209}.Release|Any CPU.Build.0 = Release|Any CPU
		{2ED1D3C3-66B6-4BE8-B395-3EBA8D3EA61D}.Debug|Any CPU.ActiveCfg = Debug|Any CPU
		{2ED1D3C3-66B6-4BE8-B395-3EBA8D3EA61D}.Debug|Any CPU.Build.0 = Debug|Any CPU
		{2ED1D3C3-66B6-4BE8-B395-3EBA8D3EA61D}.Release|Any CPU.ActiveCfg = Release|Any CPU
		{2ED1D3C3-66B6-4BE8-B395-3EBA8D3EA61D}.Release|Any CPU.Build.0 = Release|Any CPU
	EndGlobalSection
	GlobalSection(SolutionProperties) = preSolution
		HideSolutionNode = FALSE
	EndGlobalSection
	GlobalSection(ExtensibilityGlobals) = postSolution
		SolutionGuid = {485A4331-CB0E-4B6F-8E6A-1B0A2CBE1E17}
	EndGlobalSection
EndGlobal
